// !$*UTF8*$!
{
	archiveVersion = 1;
	classes = {
	};
	objectVersion = 46;
	objects = {

/* Begin PBXBuildFile section */
		8182FAE01EB9CD95006B19CA /* AppDelegate.swift in Sources */ = {isa = PBXBuildFile; fileRef = 8182FADF1EB9CD95006B19CA /* AppDelegate.swift */; };
		8182FAE21EB9CD95006B19CA /* ViewController.swift in Sources */ = {isa = PBXBuildFile; fileRef = 8182FAE11EB9CD95006B19CA /* ViewController.swift */; };
		8182FAE51EB9CD95006B19CA /* Main.storyboard in Resources */ = {isa = PBXBuildFile; fileRef = 8182FAE31EB9CD95006B19CA /* Main.storyboard */; };
		8182FAE81EB9CD95006B19CA /* study.xcdatamodeld in Sources */ = {isa = PBXBuildFile; fileRef = 8182FAE61EB9CD95006B19CA /* study.xcdatamodeld */; };
		8182FAEA1EB9CD95006B19CA /* Assets.xcassets in Resources */ = {isa = PBXBuildFile; fileRef = 8182FAE91EB9CD95006B19CA /* Assets.xcassets */; };
		8182FAED1EB9CD95006B19CA /* LaunchScreen.storyboard in Resources */ = {isa = PBXBuildFile; fileRef = 8182FAEB1EB9CD95006B19CA /* LaunchScreen.storyboard */; };
		8182FAF81EB9CD95006B19CA /* studyTests.swift in Sources */ = {isa = PBXBuildFile; fileRef = 8182FAF71EB9CD95006B19CA /* studyTests.swift */; };
		8182FB031EB9CD95006B19CA /* studyUITests.swift in Sources */ = {isa = PBXBuildFile; fileRef = 8182FB021EB9CD95006B19CA /* studyUITests.swift */; };
		8182FB111EBA0D30006B19CA /* GraphViewController.swift in Sources */ = {isa = PBXBuildFile; fileRef = 8182FB101EBA0D30006B19CA /* GraphViewController.swift */; };
		8182FB131EBA0D49006B19CA /* TimerViewController.swift in Sources */ = {isa = PBXBuildFile; fileRef = 8182FB121EBA0D49006B19CA /* TimerViewController.swift */; };
		8182FB151EBA0D64006B19CA /* SubjectViewController.swift in Sources */ = {isa = PBXBuildFile; fileRef = 8182FB141EBA0D64006B19CA /* SubjectViewController.swift */; };
		8182FB171EBA0D73006B19CA /* SettingViewController.swift in Sources */ = {isa = PBXBuildFile; fileRef = 8182FB161EBA0D73006B19CA /* SettingViewController.swift */; };
		8182FB191EBA95CC006B19CA /* SubjectCellViewController.swift in Sources */ = {isa = PBXBuildFile; fileRef = 8182FB181EBA95CC006B19CA /* SubjectCellViewController.swift */; };
		8182FB1B1EBAD3C9006B19CA /* AddSubjectViewController.swift in Sources */ = {isa = PBXBuildFile; fileRef = 8182FB1A1EBAD3C8006B19CA /* AddSubjectViewController.swift */; };
		8197DFC21EBC0D6100E48A7A /* CustomSubjectCell.swift in Sources */ = {isa = PBXBuildFile; fileRef = 8197DFC01EBC0D6100E48A7A /* CustomSubjectCell.swift */; };
		8197DFC31EBC0D6100E48A7A /* CustomSubjectCell.xib in Resources */ = {isa = PBXBuildFile; fileRef = 8197DFC11EBC0D6100E48A7A /* CustomSubjectCell.xib */; };
/* End PBXBuildFile section */

/* Begin PBXContainerItemProxy section */
		8182FAF41EB9CD95006B19CA /* PBXContainerItemProxy */ = {
			isa = PBXContainerItemProxy;
			containerPortal = 8182FAD41EB9CD94006B19CA /* Project object */;
			proxyType = 1;
			remoteGlobalIDString = 8182FADB1EB9CD94006B19CA;
			remoteInfo = study;
		};
		8182FAFF1EB9CD95006B19CA /* PBXContainerItemProxy */ = {
			isa = PBXContainerItemProxy;
			containerPortal = 8182FAD41EB9CD94006B19CA /* Project object */;
			proxyType = 1;
			remoteGlobalIDString = 8182FADB1EB9CD94006B19CA;
			remoteInfo = study;
		};
/* End PBXContainerItemProxy section */

/* Begin PBXFileReference section */
		8182FADC1EB9CD95006B19CA /* study.app */ = {isa = PBXFileReference; explicitFileType = wrapper.application; includeInIndex = 0; path = study.app; sourceTree = BUILT_PRODUCTS_DIR; };
		8182FADF1EB9CD95006B19CA /* AppDelegate.swift */ = {isa = PBXFileReference; lastKnownFileType = sourcecode.swift; path = AppDelegate.swift; sourceTree = "<group>"; };
		8182FAE11EB9CD95006B19CA /* ViewController.swift */ = {isa = PBXFileReference; lastKnownFileType = sourcecode.swift; path = ViewController.swift; sourceTree = "<group>"; };
		8182FAE41EB9CD95006B19CA /* Base */ = {isa = PBXFileReference; lastKnownFileType = file.storyboard; name = Base; path = Base.lproj/Main.storyboard; sourceTree = "<group>"; };
		8182FAE71EB9CD95006B19CA /* study.xcdatamodel */ = {isa = PBXFileReference; lastKnownFileType = wrapper.xcdatamodel; path = study.xcdatamodel; sourceTree = "<group>"; };
		8182FAE91EB9CD95006B19CA /* Assets.xcassets */ = {isa = PBXFileReference; lastKnownFileType = folder.assetcatalog; path = Assets.xcassets; sourceTree = "<group>"; };
		8182FAEC1EB9CD95006B19CA /* Base */ = {isa = PBXFileReference; lastKnownFileType = file.storyboard; name = Base; path = Base.lproj/LaunchScreen.storyboard; sourceTree = "<group>"; };
		8182FAEE1EB9CD95006B19CA /* Info.plist */ = {isa = PBXFileReference; lastKnownFileType = text.plist.xml; path = Info.plist; sourceTree = "<group>"; };
		8182FAF31EB9CD95006B19CA /* studyTests.xctest */ = {isa = PBXFileReference; explicitFileType = wrapper.cfbundle; includeInIndex = 0; path = studyTests.xctest; sourceTree = BUILT_PRODUCTS_DIR; };
		8182FAF71EB9CD95006B19CA /* studyTests.swift */ = {isa = PBXFileReference; lastKnownFileType = sourcecode.swift; path = studyTests.swift; sourceTree = "<group>"; };
		8182FAF91EB9CD95006B19CA /* Info.plist */ = {isa = PBXFileReference; lastKnownFileType = text.plist.xml; path = Info.plist; sourceTree = "<group>"; };
		8182FAFE1EB9CD95006B19CA /* studyUITests.xctest */ = {isa = PBXFileReference; explicitFileType = wrapper.cfbundle; includeInIndex = 0; path = studyUITests.xctest; sourceTree = BUILT_PRODUCTS_DIR; };
		8182FB021EB9CD95006B19CA /* studyUITests.swift */ = {isa = PBXFileReference; lastKnownFileType = sourcecode.swift; path = studyUITests.swift; sourceTree = "<group>"; };
		8182FB041EB9CD95006B19CA /* Info.plist */ = {isa = PBXFileReference; lastKnownFileType = text.plist.xml; path = Info.plist; sourceTree = "<group>"; };
		8182FB101EBA0D30006B19CA /* GraphViewController.swift */ = {isa = PBXFileReference; fileEncoding = 4; lastKnownFileType = sourcecode.swift; path = GraphViewController.swift; sourceTree = "<group>"; };
		8182FB121EBA0D49006B19CA /* TimerViewController.swift */ = {isa = PBXFileReference; fileEncoding = 4; lastKnownFileType = sourcecode.swift; path = TimerViewController.swift; sourceTree = "<group>"; };
		8182FB141EBA0D64006B19CA /* SubjectViewController.swift */ = {isa = PBXFileReference; fileEncoding = 4; lastKnownFileType = sourcecode.swift; path = SubjectViewController.swift; sourceTree = "<group>"; };
		8182FB161EBA0D73006B19CA /* SettingViewController.swift */ = {isa = PBXFileReference; fileEncoding = 4; lastKnownFileType = sourcecode.swift; path = SettingViewController.swift; sourceTree = "<group>"; };
		8182FB181EBA95CC006B19CA /* SubjectCellViewController.swift */ = {isa = PBXFileReference; fileEncoding = 4; lastKnownFileType = sourcecode.swift; path = SubjectCellViewController.swift; sourceTree = "<group>"; };
		8182FB1A1EBAD3C8006B19CA /* AddSubjectViewController.swift */ = {isa = PBXFileReference; fileEncoding = 4; lastKnownFileType = sourcecode.swift; path = AddSubjectViewController.swift; sourceTree = "<group>"; };
		8197DFC01EBC0D6100E48A7A /* CustomSubjectCell.swift */ = {isa = PBXFileReference; fileEncoding = 4; lastKnownFileType = sourcecode.swift; path = CustomSubjectCell.swift; sourceTree = "<group>"; };
		8197DFC11EBC0D6100E48A7A /* CustomSubjectCell.xib */ = {isa = PBXFileReference; fileEncoding = 4; lastKnownFileType = file.xib; path = CustomSubjectCell.xib; sourceTree = "<group>"; };
/* End PBXFileReference section */

/* Begin PBXFrameworksBuildPhase section */
		8182FAD91EB9CD94006B19CA /* Frameworks */ = {
			isa = PBXFrameworksBuildPhase;
			buildActionMask = 2147483647;
			files = (
			);
			runOnlyForDeploymentPostprocessing = 0;
		};
		8182FAF01EB9CD95006B19CA /* Frameworks */ = {
			isa = PBXFrameworksBuildPhase;
			buildActionMask = 2147483647;
			files = (
			);
			runOnlyForDeploymentPostprocessing = 0;
		};
		8182FAFB1EB9CD95006B19CA /* Frameworks */ = {
			isa = PBXFrameworksBuildPhase;
			buildActionMask = 2147483647;
			files = (
			);
			runOnlyForDeploymentPostprocessing = 0;
		};
/* End PBXFrameworksBuildPhase section */

/* Begin PBXGroup section */
		8182FAD31EB9CD94006B19CA = {
			isa = PBXGroup;
			children = (
				8182FADE1EB9CD95006B19CA /* study */,
				8182FAF61EB9CD95006B19CA /* studyTests */,
				8182FB011EB9CD95006B19CA /* studyUITests */,
				8182FADD1EB9CD95006B19CA /* Products */,
			);
			sourceTree = "<group>";
		};
		8182FADD1EB9CD95006B19CA /* Products */ = {
			isa = PBXGroup;
			children = (
				8182FADC1EB9CD95006B19CA /* study.app */,
				8182FAF31EB9CD95006B19CA /* studyTests.xctest */,
				8182FAFE1EB9CD95006B19CA /* studyUITests.xctest */,
			);
			name = Products;
			sourceTree = "<group>";
		};
		8182FADE1EB9CD95006B19CA /* study */ = {
			isa = PBXGroup;
			children = (
				8182FADF1EB9CD95006B19CA /* AppDelegate.swift */,
				8182FAE11EB9CD95006B19CA /* ViewController.swift */,
				8182FB101EBA0D30006B19CA /* GraphViewController.swift */,
				8182FB121EBA0D49006B19CA /* TimerViewController.swift */,
				8182FB141EBA0D64006B19CA /* SubjectViewController.swift */,
				8182FB161EBA0D73006B19CA /* SettingViewController.swift */,
				8182FB181EBA95CC006B19CA /* SubjectCellViewController.swift */,
				8182FB1A1EBAD3C8006B19CA /* AddSubjectViewController.swift */,
				8197DFC01EBC0D6100E48A7A /* CustomSubjectCell.swift */,
				8197DFC11EBC0D6100E48A7A /* CustomSubjectCell.xib */,
				8182FAE31EB9CD95006B19CA /* Main.storyboard */,
				8182FAE91EB9CD95006B19CA /* Assets.xcassets */,
				8182FAEB1EB9CD95006B19CA /* LaunchScreen.storyboard */,
				8182FAEE1EB9CD95006B19CA /* Info.plist */,
				8182FAE61EB9CD95006B19CA /* study.xcdatamodeld */,
			);
			path = study;
			sourceTree = "<group>";
		};
		8182FAF61EB9CD95006B19CA /* studyTests */ = {
			isa = PBXGroup;
			children = (
				8182FAF71EB9CD95006B19CA /* studyTests.swift */,
				8182FAF91EB9CD95006B19CA /* Info.plist */,
			);
			path = studyTests;
			sourceTree = "<group>";
		};
		8182FB011EB9CD95006B19CA /* studyUITests */ = {
			isa = PBXGroup;
			children = (
				8182FB021EB9CD95006B19CA /* studyUITests.swift */,
				8182FB041EB9CD95006B19CA /* Info.plist */,
			);
			path = studyUITests;
			sourceTree = "<group>";
		};
/* End PBXGroup section */

/* Begin PBXNativeTarget section */
		8182FADB1EB9CD94006B19CA /* study */ = {
			isa = PBXNativeTarget;
			buildConfigurationList = 8182FB071EB9CD95006B19CA /* Build configuration list for PBXNativeTarget "study" */;
			buildPhases = (
				8182FAD81EB9CD94006B19CA /* Sources */,
				8182FAD91EB9CD94006B19CA /* Frameworks */,
				8182FADA1EB9CD94006B19CA /* Resources */,
			);
			buildRules = (
			);
			dependencies = (
			);
			name = study;
			productName = study;
			productReference = 8182FADC1EB9CD95006B19CA /* study.app */;
			productType = "com.apple.product-type.application";
		};
		8182FAF21EB9CD95006B19CA /* studyTests */ = {
			isa = PBXNativeTarget;
			buildConfigurationList = 8182FB0A1EB9CD95006B19CA /* Build configuration list for PBXNativeTarget "studyTests" */;
			buildPhases = (
				8182FAEF1EB9CD95006B19CA /* Sources */,
				8182FAF01EB9CD95006B19CA /* Frameworks */,
				8182FAF11EB9CD95006B19CA /* Resources */,
			);
			buildRules = (
			);
			dependencies = (
				8182FAF51EB9CD95006B19CA /* PBXTargetDependency */,
			);
			name = studyTests;
			productName = studyTests;
			productReference = 8182FAF31EB9CD95006B19CA /* studyTests.xctest */;
			productType = "com.apple.product-type.bundle.unit-test";
		};
		8182FAFD1EB9CD95006B19CA /* studyUITests */ = {
			isa = PBXNativeTarget;
			buildConfigurationList = 8182FB0D1EB9CD95006B19CA /* Build configuration list for PBXNativeTarget "studyUITests" */;
			buildPhases = (
				8182FAFA1EB9CD95006B19CA /* Sources */,
				8182FAFB1EB9CD95006B19CA /* Frameworks */,
				8182FAFC1EB9CD95006B19CA /* Resources */,
			);
			buildRules = (
			);
			dependencies = (
				8182FB001EB9CD95006B19CA /* PBXTargetDependency */,
			);
			name = studyUITests;
			productName = studyUITests;
			productReference = 8182FAFE1EB9CD95006B19CA /* studyUITests.xctest */;
			productType = "com.apple.product-type.bundle.ui-testing";
		};
/* End PBXNativeTarget section */

/* Begin PBXProject section */
		8182FAD41EB9CD94006B19CA /* Project object */ = {
			isa = PBXProject;
			attributes = {
				LastSwiftUpdateCheck = 0820;
				LastUpgradeCheck = 0820;
				ORGANIZATIONNAME = "西林咲音";
				TargetAttributes = {
					8182FADB1EB9CD94006B19CA = {
						CreatedOnToolsVersion = 8.2.1;
						DevelopmentTeam = W2T75EV2YE;
						ProvisioningStyle = Automatic;
					};
					8182FAF21EB9CD95006B19CA = {
						CreatedOnToolsVersion = 8.2.1;
						DevelopmentTeam = W2T75EV2YE;
						ProvisioningStyle = Automatic;
						TestTargetID = 8182FADB1EB9CD94006B19CA;
					};
					8182FAFD1EB9CD95006B19CA = {
						CreatedOnToolsVersion = 8.2.1;
						DevelopmentTeam = W2T75EV2YE;
						ProvisioningStyle = Automatic;
						TestTargetID = 8182FADB1EB9CD94006B19CA;
					};
				};
			};
			buildConfigurationList = 8182FAD71EB9CD94006B19CA /* Build configuration list for PBXProject "study" */;
			compatibilityVersion = "Xcode 3.2";
			developmentRegion = English;
			hasScannedForEncodings = 0;
			knownRegions = (
				en,
				Base,
			);
			mainGroup = 8182FAD31EB9CD94006B19CA;
			productRefGroup = 8182FADD1EB9CD95006B19CA /* Products */;
			projectDirPath = "";
			projectRoot = "";
			targets = (
				8182FADB1EB9CD94006B19CA /* study */,
				8182FAF21EB9CD95006B19CA /* studyTests */,
				8182FAFD1EB9CD95006B19CA /* studyUITests */,
			);
		};
/* End PBXProject section */

/* Begin PBXResourcesBuildPhase section */
		8182FADA1EB9CD94006B19CA /* Resources */ = {
			isa = PBXResourcesBuildPhase;
			buildActionMask = 2147483647;
			files = (
				8182FAED1EB9CD95006B19CA /* LaunchScreen.storyboard in Resources */,
				8197DFC31EBC0D6100E48A7A /* CustomSubjectCell.xib in Resources */,
				8182FAEA1EB9CD95006B19CA /* Assets.xcassets in Resources */,
				8182FAE51EB9CD95006B19CA /* Main.storyboard in Resources */,
			);
			runOnlyForDeploymentPostprocessing = 0;
		};
		8182FAF11EB9CD95006B19CA /* Resources */ = {
			isa = PBXResourcesBuildPhase;
			buildActionMask = 2147483647;
			files = (
			);
			runOnlyForDeploymentPostprocessing = 0;
		};
		8182FAFC1EB9CD95006B19CA /* Resources */ = {
			isa = PBXResourcesBuildPhase;
			buildActionMask = 2147483647;
			files = (
			);
			runOnlyForDeploymentPostprocessing = 0;
		};
/* End PBXResourcesBuildPhase section */

/* Begin PBXSourcesBuildPhase section */
		8182FAD81EB9CD94006B19CA /* Sources */ = {
			isa = PBXSourcesBuildPhase;
			buildActionMask = 2147483647;
			files = (
				8182FB131EBA0D49006B19CA /* TimerViewController.swift in Sources */,
				8182FB191EBA95CC006B19CA /* SubjectCellViewController.swift in Sources */,
				8182FB151EBA0D64006B19CA /* SubjectViewController.swift in Sources */,
				8182FB1B1EBAD3C9006B19CA /* AddSubjectViewController.swift in Sources */,
				8182FAE81EB9CD95006B19CA /* study.xcdatamodeld in Sources */,
				8182FB111EBA0D30006B19CA /* GraphViewController.swift in Sources */,
				8182FAE21EB9CD95006B19CA /* ViewController.swift in Sources */,
				8197DFC21EBC0D6100E48A7A /* CustomSubjectCell.swift in Sources */,
				8182FB171EBA0D73006B19CA /* SettingViewController.swift in Sources */,
				8182FAE01EB9CD95006B19CA /* AppDelegate.swift in Sources */,
			);
			runOnlyForDeploymentPostprocessing = 0;
		};
		8182FAEF1EB9CD95006B19CA /* Sources */ = {
			isa = PBXSourcesBuildPhase;
			buildActionMask = 2147483647;
			files = (
				8182FAF81EB9CD95006B19CA /* studyTests.swift in Sources */,
			);
			runOnlyForDeploymentPostprocessing = 0;
		};
		8182FAFA1EB9CD95006B19CA /* Sources */ = {
			isa = PBXSourcesBuildPhase;
			buildActionMask = 2147483647;
			files = (
				8182FB031EB9CD95006B19CA /* studyUITests.swift in Sources */,
			);
			runOnlyForDeploymentPostprocessing = 0;
		};
/* End PBXSourcesBuildPhase section */

/* Begin PBXTargetDependency section */
		8182FAF51EB9CD95006B19CA /* PBXTargetDependency */ = {
			isa = PBXTargetDependency;
			target = 8182FADB1EB9CD94006B19CA /* study */;
			targetProxy = 8182FAF41EB9CD95006B19CA /* PBXContainerItemProxy */;
		};
		8182FB001EB9CD95006B19CA /* PBXTargetDependency */ = {
			isa = PBXTargetDependency;
			target = 8182FADB1EB9CD94006B19CA /* study */;
			targetProxy = 8182FAFF1EB9CD95006B19CA /* PBXContainerItemProxy */;
		};
/* End PBXTargetDependency section */

/* Begin PBXVariantGroup section */
		8182FAE31EB9CD95006B19CA /* Main.storyboard */ = {
			isa = PBXVariantGroup;
			children = (
				8182FAE41EB9CD95006B19CA /* Base */,
			);
			name = Main.storyboard;
			sourceTree = "<group>";
		};
		8182FAEB1EB9CD95006B19CA /* LaunchScreen.storyboard */ = {
			isa = PBXVariantGroup;
			children = (
				8182FAEC1EB9CD95006B19CA /* Base */,
			);
			name = LaunchScreen.storyboard;
			sourceTree = "<group>";
		};
/* End PBXVariantGroup section */

/* Begin XCBuildConfiguration section */
		8182FB051EB9CD95006B19CA /* Debug */ = {
			isa = XCBuildConfiguration;
			buildSettings = {
				ALWAYS_SEARCH_USER_PATHS = NO;
				CLANG_ANALYZER_NONNULL = YES;
				CLANG_CXX_LANGUAGE_STANDARD = "gnu++0x";
				CLANG_CXX_LIBRARY = "libc++";
				CLANG_ENABLE_MODULES = YES;
				CLANG_ENABLE_OBJC_ARC = YES;
				CLANG_WARN_BOOL_CONVERSION = YES;
				CLANG_WARN_CONSTANT_CONVERSION = YES;
				CLANG_WARN_DIRECT_OBJC_ISA_USAGE = YES_ERROR;
				CLANG_WARN_DOCUMENTATION_COMMENTS = YES;
				CLANG_WARN_EMPTY_BODY = YES;
				CLANG_WARN_ENUM_CONVERSION = YES;
				CLANG_WARN_INFINITE_RECURSION = YES;
				CLANG_WARN_INT_CONVERSION = YES;
				CLANG_WARN_OBJC_ROOT_CLASS = YES_ERROR;
				CLANG_WARN_SUSPICIOUS_MOVE = YES;
				CLANG_WARN_UNREACHABLE_CODE = YES;
				CLANG_WARN__DUPLICATE_METHOD_MATCH = YES;
				"CODE_SIGN_IDENTITY[sdk=iphoneos*]" = "iPhone Developer";
				COPY_PHASE_STRIP = NO;
				DEBUG_INFORMATION_FORMAT = dwarf;
				ENABLE_STRICT_OBJC_MSGSEND = YES;
				ENABLE_TESTABILITY = YES;
				GCC_C_LANGUAGE_STANDARD = gnu99;
				GCC_DYNAMIC_NO_PIC = NO;
				GCC_NO_COMMON_BLOCKS = YES;
				GCC_OPTIMIZATION_LEVEL = 0;
				GCC_PREPROCESSOR_DEFINITIONS = (
					"DEBUG=1",
					"$(inherited)",
				);
				GCC_WARN_64_TO_32_BIT_CONVERSION = YES;
				GCC_WARN_ABOUT_RETURN_TYPE = YES_ERROR;
				GCC_WARN_UNDECLARED_SELECTOR = YES;
				GCC_WARN_UNINITIALIZED_AUTOS = YES_AGGRESSIVE;
				GCC_WARN_UNUSED_FUNCTION = YES;
				GCC_WARN_UNUSED_VARIABLE = YES;
				IPHONEOS_DEPLOYMENT_TARGET = 10.2;
				MTL_ENABLE_DEBUG_INFO = YES;
				ONLY_ACTIVE_ARCH = YES;
				SDKROOT = iphoneos;
				SWIFT_ACTIVE_COMPILATION_CONDITIONS = DEBUG;
				SWIFT_OPTIMIZATION_LEVEL = "-Onone";
			};
			name = Debug;
		};
		8182FB061EB9CD95006B19CA /* Release */ = {
			isa = XCBuildConfiguration;
			buildSettings = {
				ALWAYS_SEARCH_USER_PATHS = NO;
				CLANG_ANALYZER_NONNULL = YES;
				CLANG_CXX_LANGUAGE_STANDARD = "gnu++0x";
				CLANG_CXX_LIBRARY = "libc++";
				CLANG_ENABLE_MODULES = YES;
				CLANG_ENABLE_OBJC_ARC = YES;
				CLANG_WARN_BOOL_CONVERSION = YES;
				CLANG_WARN_CONSTANT_CONVERSION = YES;
				CLANG_WARN_DIRECT_OBJC_ISA_USAGE = YES_ERROR;
				CLANG_WARN_DOCUMENTATION_COMMENTS = YES;
				CLANG_WARN_EMPTY_BODY = YES;
				CLANG_WARN_ENUM_CONVERSION = YES;
				CLANG_WARN_INFINITE_RECURSION = YES;
				CLANG_WARN_INT_CONVERSION = YES;
				CLANG_WARN_OBJC_ROOT_CLASS = YES_ERROR;
				CLANG_WARN_SUSPICIOUS_MOVE = YES;
				CLANG_WARN_UNREACHABLE_CODE = YES;
				CLANG_WARN__DUPLICATE_METHOD_MATCH = YES;
				"CODE_SIGN_IDENTITY[sdk=iphoneos*]" = "iPhone Developer";
				COPY_PHASE_STRIP = NO;
				DEBUG_INFORMATION_FORMAT = "dwarf-with-dsym";
				ENABLE_NS_ASSERTIONS = NO;
				ENABLE_STRICT_OBJC_MSGSEND = YES;
				GCC_C_LANGUAGE_STANDARD = gnu99;
				GCC_NO_COMMON_BLOCKS = YES;
				GCC_WARN_64_TO_32_BIT_CONVERSION = YES;
				GCC_WARN_ABOUT_RETURN_TYPE = YES_ERROR;
				GCC_WARN_UNDECLARED_SELECTOR = YES;
				GCC_WARN_UNINITIALIZED_AUTOS = YES_AGGRESSIVE;
				GCC_WARN_UNUSED_FUNCTION = YES;
				GCC_WARN_UNUSED_VARIABLE = YES;
				IPHONEOS_DEPLOYMENT_TARGET = 10.2;
				MTL_ENABLE_DEBUG_INFO = NO;
				SDKROOT = iphoneos;
				SWIFT_OPTIMIZATION_LEVEL = "-Owholemodule";
				VALIDATE_PRODUCT = YES;
			};
			name = Release;
		};
		8182FB081EB9CD95006B19CA /* Debug */ = {
			isa = XCBuildConfiguration;
			buildSettings = {
				ASSETCATALOG_COMPILER_APPICON_NAME = AppIcon;
				DEVELOPMENT_TEAM = W2T75EV2YE;
				INFOPLIST_FILE = study/Info.plist;
				LD_RUNPATH_SEARCH_PATHS = "$(inherited) @executable_path/Frameworks";
				PRODUCT_BUNDLE_IDENTIFIER = come.litech.study;
				PRODUCT_NAME = "$(TARGET_NAME)";
				SWIFT_VERSION = 3.0;
			};
			name = Debug;
		};
		8182FB091EB9CD95006B19CA /* Release */ = {
			isa = XCBuildConfiguration;
			buildSettings = {
				ASSETCATALOG_COMPILER_APPICON_NAME = AppIcon;
				DEVELOPMENT_TEAM = W2T75EV2YE;
				INFOPLIST_FILE = study/Info.plist;
				LD_RUNPATH_SEARCH_PATHS = "$(inherited) @executable_path/Frameworks";
				PRODUCT_BUNDLE_IDENTIFIER = come.litech.study;
				PRODUCT_NAME = "$(TARGET_NAME)";
				SWIFT_VERSION = 3.0;
			};
			name = Release;
		};
		8182FB0B1EB9CD95006B19CA /* Debug */ = {
			isa = XCBuildConfiguration;
			buildSettings = {
				ALWAYS_EMBED_SWIFT_STANDARD_LIBRARIES = YES;
				BUNDLE_LOADER = "$(TEST_HOST)";
				DEVELOPMENT_TEAM = W2T75EV2YE;
				INFOPLIST_FILE = studyTests/Info.plist;
				LD_RUNPATH_SEARCH_PATHS = "$(inherited) @executable_path/Frameworks @loader_path/Frameworks";
				PRODUCT_BUNDLE_IDENTIFIER = come.litech.studyTests;
				PRODUCT_NAME = "$(TARGET_NAME)";
				SWIFT_VERSION = 3.0;
				TEST_HOST = "$(BUILT_PRODUCTS_DIR)/study.app/study";
			};
			name = Debug;
		};
		8182FB0C1EB9CD95006B19CA /* Release */ = {
			isa = XCBuildConfiguration;
			buildSettings = {
				ALWAYS_EMBED_SWIFT_STANDARD_LIBRARIES = YES;
				BUNDLE_LOADER = "$(TEST_HOST)";
				DEVELOPMENT_TEAM = W2T75EV2YE;
				INFOPLIST_FILE = studyTests/Info.plist;
				LD_RUNPATH_SEARCH_PATHS = "$(inherited) @executable_path/Frameworks @loader_path/Frameworks";
				PRODUCT_BUNDLE_IDENTIFIER = come.litech.studyTests;
				PRODUCT_NAME = "$(TARGET_NAME)";
				SWIFT_VERSION = 3.0;
				TEST_HOST = "$(BUILT_PRODUCTS_DIR)/study.app/study";
			};
			name = Release;
		};
		8182FB0E1EB9CD95006B19CA /* Debug */ = {
			isa = XCBuildConfiguration;
			buildSettings = {
				ALWAYS_EMBED_SWIFT_STANDARD_LIBRARIES = YES;
				DEVELOPMENT_TEAM = W2T75EV2YE;
				INFOPLIST_FILE = studyUITests/Info.plist;
				LD_RUNPATH_SEARCH_PATHS = "$(inherited) @executable_path/Frameworks @loader_path/Frameworks";
				PRODUCT_BUNDLE_IDENTIFIER = come.litech.studyUITests;
				PRODUCT_NAME = "$(TARGET_NAME)";
				SWIFT_VERSION = 3.0;
				TEST_TARGET_NAME = study;
			};
			name = Debug;
		};
		8182FB0F1EB9CD95006B19CA /* Release */ = {
			isa = XCBuildConfiguration;
			buildSettings = {
				ALWAYS_EMBED_SWIFT_STANDARD_LIBRARIES = YES;
				DEVELOPMENT_TEAM = W2T75EV2YE;
				INFOPLIST_FILE = studyUITests/Info.plist;
				LD_RUNPATH_SEARCH_PATHS = "$(inherited) @executable_path/Frameworks @loader_path/Frameworks";
				PRODUCT_BUNDLE_IDENTIFIER = come.litech.studyUITests;
				PRODUCT_NAME = "$(TARGET_NAME)";
				SWIFT_VERSION = 3.0;
				TEST_TARGET_NAME = study;
			};
			name = Release;
		};
/* End XCBuildConfiguration section */

/* Begin XCConfigurationList section */
		8182FAD71EB9CD94006B19CA /* Build configuration list for PBXProject "study" */ = {
			isa = XCConfigurationList;
			buildConfigurations = (
				8182FB051EB9CD95006B19CA /* Debug */,
				8182FB061EB9CD95006B19CA /* Release */,
			);
			defaultConfigurationIsVisible = 0;
			defaultConfigurationName = Release;
		};
		8182FB071EB9CD95006B19CA /* Build configuration list for PBXNativeTarget "study" */ = {
			isa = XCConfigurationList;
			buildConfigurations = (
				8182FB081EB9CD95006B19CA /* Debug */,
				8182FB091EB9CD95006B19CA /* Release */,
			);
			defaultConfigurationIsVisible = 0;
			defaultConfigurationName = Release;
		};
		8182FB0A1EB9CD95006B19CA /* Build configuration list for PBXNativeTarget "studyTests" */ = {
			isa = XCConfigurationList;
			buildConfigurations = (
				8182FB0B1EB9CD95006B19CA /* Debug */,
				8182FB0C1EB9CD95006B19CA /* Release */,
			);
			defaultConfigurationIsVisible = 0;
			defaultConfigurationName = Release;
		};
		8182FB0D1EB9CD95006B19CA /* Build configuration list for PBXNativeTarget "studyUITests" */ = {
			isa = XCConfigurationList;
			buildConfigurations = (
				8182FB0E1EB9CD95006B19CA /* Debug */,
				8182FB0F1EB9CD95006B19CA /* Release */,
			);
			defaultConfigurationIsVisible = 0;
			defaultConfigurationName = Release;
		};
/* End XCConfigurationList section */

/* Begin XCVersionGroup section */
		8182FAE61EB9CD95006B19CA /* study.xcdatamodeld */ = {
			isa = XCVersionGroup;
			children = (
				8182FAE71EB9CD95006B19CA /* study.xcdatamodel */,
			);
			currentVersion = 8182FAE71EB9CD95006B19CA /* study.xcdatamodel */;
			path = study.xcdatamodeld;
			sourceTree = "<group>";
			versionGroupType = wrapper.xcdatamodel;
		};
/* End XCVersionGroup section */
	};
	rootObject = 8182FAD41EB9CD94006B19CA /* Project object */;
}
